// !$*UTF8*$!
{
	archiveVersion = 1;
	classes = {
	};
	objectVersion = 55;
	objects = {

/* Begin PBXBuildFile section */
		D5039FB428C65E5C007085B0 /* TagsRecipeTableViewCell.swift in Sources */ = {isa = PBXBuildFile; fileRef = D5039FB328C65E5C007085B0 /* TagsRecipeTableViewCell.swift */; };
		D539E6BD28A4481200A9CAD5 /* Extensions.swift in Sources */ = {isa = PBXBuildFile; fileRef = D539E6BC28A4481200A9CAD5 /* Extensions.swift */; };
		D539E6BF28A452AA00A9CAD5 /* ChosenIngredientCollectionViewCell.swift in Sources */ = {isa = PBXBuildFile; fileRef = D539E6BE28A452AA00A9CAD5 /* ChosenIngredientCollectionViewCell.swift */; };
		D539E6C628A458E300A9CAD5 /* WhatsInMyFridgeTabViewController.swift in Sources */ = {isa = PBXBuildFile; fileRef = D539E6C528A458E300A9CAD5 /* WhatsInMyFridgeTabViewController.swift */; };
		D539E6CA28AAAFE300A9CAD5 /* RecipesListViewController.swift in Sources */ = {isa = PBXBuildFile; fileRef = D539E6C928AAAFE300A9CAD5 /* RecipesListViewController.swift */; };
		D539E6CC28AAB4AE00A9CAD5 /* RecipesListTableViewCell.swift in Sources */ = {isa = PBXBuildFile; fileRef = D539E6CB28AAB4AE00A9CAD5 /* RecipesListTableViewCell.swift */; };
		D539E6CF28B2C3B600A9CAD5 /* RecipeByNutrientsTableViewCell.swift in Sources */ = {isa = PBXBuildFile; fileRef = D539E6CE28B2C3B600A9CAD5 /* RecipeByNutrientsTableViewCell.swift */; };
		D539E6D128BE677800A9CAD5 /* DetailedRecipeViewController.swift in Sources */ = {isa = PBXBuildFile; fileRef = D539E6D028BE677700A9CAD5 /* DetailedRecipeViewController.swift */; };
		D539E6D328C0FE1100A9CAD5 /* DetailedRecipeTableViewController.swift in Sources */ = {isa = PBXBuildFile; fileRef = D539E6D228C0FE1100A9CAD5 /* DetailedRecipeTableViewController.swift */; };
		D539E6DB28C10A9B00A9CAD5 /* IngredientsRecipeTableViewCell.swift in Sources */ = {isa = PBXBuildFile; fileRef = D539E6DA28C10A9B00A9CAD5 /* IngredientsRecipeTableViewCell.swift */; };
		D539E6DE28C639EE00A9CAD5 /* IngredientTableViewCell.swift in Sources */ = {isa = PBXBuildFile; fileRef = D539E6DD28C639EE00A9CAD5 /* IngredientTableViewCell.swift */; };
		D5993983289809FA00FA9CA5 /* AppDelegate.swift in Sources */ = {isa = PBXBuildFile; fileRef = D5993982289809FA00FA9CA5 /* AppDelegate.swift */; };
		D5993985289809FA00FA9CA5 /* SceneDelegate.swift in Sources */ = {isa = PBXBuildFile; fileRef = D5993984289809FA00FA9CA5 /* SceneDelegate.swift */; };
		D599398A289809FA00FA9CA5 /* Main.storyboard in Resources */ = {isa = PBXBuildFile; fileRef = D5993988289809FA00FA9CA5 /* Main.storyboard */; };
		D599398C289809FE00FA9CA5 /* Assets.xcassets in Resources */ = {isa = PBXBuildFile; fileRef = D599398B289809FE00FA9CA5 /* Assets.xcassets */; };
		D599398F289809FE00FA9CA5 /* LaunchScreen.storyboard in Resources */ = {isa = PBXBuildFile; fileRef = D599398D289809FE00FA9CA5 /* LaunchScreen.storyboard */; };
		D599399928986C1E00FA9CA5 /* SpoonculaService.swift in Sources */ = {isa = PBXBuildFile; fileRef = D599399828986C1E00FA9CA5 /* SpoonculaService.swift */; };
		D599399E289881D200FA9CA5 /* Models.swift in Sources */ = {isa = PBXBuildFile; fileRef = D599399D289881D200FA9CA5 /* Models.swift */; };
		D59939A228A1737400FA9CA5 /* IngredientsSearchSheetViewController.swift in Sources */ = {isa = PBXBuildFile; fileRef = D59939A128A1737400FA9CA5 /* IngredientsSearchSheetViewController.swift */; };
		D59939A428A1768500FA9CA5 /* IngredientsSearchTableViewCell.swift in Sources */ = {isa = PBXBuildFile; fileRef = D59939A328A1768500FA9CA5 /* IngredientsSearchTableViewCell.swift */; };
/* End PBXBuildFile section */

/* Begin PBXFileReference section */
		D5039FB328C65E5C007085B0 /* TagsRecipeTableViewCell.swift */ = {isa = PBXFileReference; lastKnownFileType = sourcecode.swift; path = TagsRecipeTableViewCell.swift; sourceTree = "<group>"; };
		D539E6BC28A4481200A9CAD5 /* Extensions.swift */ = {isa = PBXFileReference; lastKnownFileType = sourcecode.swift; path = Extensions.swift; sourceTree = "<group>"; };
		D539E6BE28A452AA00A9CAD5 /* ChosenIngredientCollectionViewCell.swift */ = {isa = PBXFileReference; lastKnownFileType = sourcecode.swift; path = ChosenIngredientCollectionViewCell.swift; sourceTree = "<group>"; };
		D539E6C528A458E300A9CAD5 /* WhatsInMyFridgeTabViewController.swift */ = {isa = PBXFileReference; lastKnownFileType = sourcecode.swift; path = WhatsInMyFridgeTabViewController.swift; sourceTree = "<group>"; };
		D539E6C928AAAFE300A9CAD5 /* RecipesListViewController.swift */ = {isa = PBXFileReference; lastKnownFileType = sourcecode.swift; path = RecipesListViewController.swift; sourceTree = "<group>"; };
		D539E6CB28AAB4AE00A9CAD5 /* RecipesListTableViewCell.swift */ = {isa = PBXFileReference; lastKnownFileType = sourcecode.swift; path = RecipesListTableViewCell.swift; sourceTree = "<group>"; };
		D539E6CE28B2C3B600A9CAD5 /* RecipeByNutrientsTableViewCell.swift */ = {isa = PBXFileReference; lastKnownFileType = sourcecode.swift; path = RecipeByNutrientsTableViewCell.swift; sourceTree = "<group>"; };
		D539E6D028BE677700A9CAD5 /* DetailedRecipeViewController.swift */ = {isa = PBXFileReference; lastKnownFileType = sourcecode.swift; path = DetailedRecipeViewController.swift; sourceTree = "<group>"; };
		D539E6D228C0FE1100A9CAD5 /* DetailedRecipeTableViewController.swift */ = {isa = PBXFileReference; lastKnownFileType = sourcecode.swift; path = DetailedRecipeTableViewController.swift; sourceTree = "<group>"; };
		D539E6DA28C10A9B00A9CAD5 /* IngredientsRecipeTableViewCell.swift */ = {isa = PBXFileReference; lastKnownFileType = sourcecode.swift; path = IngredientsRecipeTableViewCell.swift; sourceTree = "<group>"; };
		D539E6DD28C639EE00A9CAD5 /* IngredientTableViewCell.swift */ = {isa = PBXFileReference; lastKnownFileType = sourcecode.swift; path = IngredientTableViewCell.swift; sourceTree = "<group>"; };
		D599397F289809FA00FA9CA5 /* WhatIsInMyFridgeApp.app */ = {isa = PBXFileReference; explicitFileType = wrapper.application; includeInIndex = 0; path = WhatIsInMyFridgeApp.app; sourceTree = BUILT_PRODUCTS_DIR; };
		D5993982289809FA00FA9CA5 /* AppDelegate.swift */ = {isa = PBXFileReference; lastKnownFileType = sourcecode.swift; path = AppDelegate.swift; sourceTree = "<group>"; };
		D5993984289809FA00FA9CA5 /* SceneDelegate.swift */ = {isa = PBXFileReference; lastKnownFileType = sourcecode.swift; path = SceneDelegate.swift; sourceTree = "<group>"; };
		D5993989289809FA00FA9CA5 /* Base */ = {isa = PBXFileReference; lastKnownFileType = file.storyboard; name = Base; path = Base.lproj/Main.storyboard; sourceTree = "<group>"; };
		D599398B289809FE00FA9CA5 /* Assets.xcassets */ = {isa = PBXFileReference; lastKnownFileType = folder.assetcatalog; path = Assets.xcassets; sourceTree = "<group>"; };
		D599398E289809FE00FA9CA5 /* Base */ = {isa = PBXFileReference; lastKnownFileType = file.storyboard; name = Base; path = Base.lproj/LaunchScreen.storyboard; sourceTree = "<group>"; };
		D5993990289809FE00FA9CA5 /* Info.plist */ = {isa = PBXFileReference; lastKnownFileType = text.plist.xml; path = Info.plist; sourceTree = "<group>"; };
		D599399828986C1E00FA9CA5 /* SpoonculaService.swift */ = {isa = PBXFileReference; lastKnownFileType = sourcecode.swift; path = SpoonculaService.swift; sourceTree = "<group>"; };
		D599399D289881D200FA9CA5 /* Models.swift */ = {isa = PBXFileReference; lastKnownFileType = sourcecode.swift; path = Models.swift; sourceTree = "<group>"; };
		D59939A128A1737400FA9CA5 /* IngredientsSearchSheetViewController.swift */ = {isa = PBXFileReference; lastKnownFileType = sourcecode.swift; path = IngredientsSearchSheetViewController.swift; sourceTree = "<group>"; };
		D59939A328A1768500FA9CA5 /* IngredientsSearchTableViewCell.swift */ = {isa = PBXFileReference; lastKnownFileType = sourcecode.swift; path = IngredientsSearchTableViewCell.swift; sourceTree = "<group>"; };
/* End PBXFileReference section */

/* Begin PBXFrameworksBuildPhase section */
		D599397C289809FA00FA9CA5 /* Frameworks */ = {
			isa = PBXFrameworksBuildPhase;
			buildActionMask = 2147483647;
			files = (
			);
			runOnlyForDeploymentPostprocessing = 0;
		};
/* End PBXFrameworksBuildPhase section */

/* Begin PBXGroup section */
		D539E6C128A4585600A9CAD5 /* Modals */ = {
			isa = PBXGroup;
			children = (
				D599399D289881D200FA9CA5 /* Models.swift */,
			);
			path = Modals;
			sourceTree = "<group>";
		};
		D539E6C228A4587200A9CAD5 /* What's In My Fridge Tab */ = {
			isa = PBXGroup;
			children = (
				D59939A128A1737400FA9CA5 /* IngredientsSearchSheetViewController.swift */,
				D539E6BE28A452AA00A9CAD5 /* ChosenIngredientCollectionViewCell.swift */,
				D59939A328A1768500FA9CA5 /* IngredientsSearchTableViewCell.swift */,
				D539E6C528A458E300A9CAD5 /* WhatsInMyFridgeTabViewController.swift */,
				D539E6CB28AAB4AE00A9CAD5 /* RecipesListTableViewCell.swift */,
				D539E6D028BE677700A9CAD5 /* DetailedRecipeViewController.swift */,
				D539E6C928AAAFE300A9CAD5 /* RecipesListViewController.swift */,
				D539E6D228C0FE1100A9CAD5 /* DetailedRecipeTableViewController.swift */,
				D5039FB328C65E5C007085B0 /* TagsRecipeTableViewCell.swift */,
				D539E6DC28C638AB00A9CAD5 /* Ingredients Of Recipe Cell */,
			);
			path = "What's In My Fridge Tab";
			sourceTree = "<group>";
		};
		D539E6C328A4588F00A9CAD5 /* Extensions */ = {
			isa = PBXGroup;
			children = (
				D539E6BC28A4481200A9CAD5 /* Extensions.swift */,
			);
			path = Extensions;
			sourceTree = "<group>";
		};
		D539E6C428A458AD00A9CAD5 /* Services */ = {
			isa = PBXGroup;
			children = (
				D599399828986C1E00FA9CA5 /* SpoonculaService.swift */,
			);
			path = Services;
			sourceTree = "<group>";
		};
		D539E6CD28B2C37E00A9CAD5 /* Search By Nutrients Tab */ = {
			isa = PBXGroup;
			children = (
				D539E6CE28B2C3B600A9CAD5 /* RecipeByNutrientsTableViewCell.swift */,
			);
			path = "Search By Nutrients Tab";
			sourceTree = "<group>";
		};
		D539E6DC28C638AB00A9CAD5 /* Ingredients Of Recipe Cell */ = {
			isa = PBXGroup;
			children = (
				D539E6DA28C10A9B00A9CAD5 /* IngredientsRecipeTableViewCell.swift */,
				D539E6DD28C639EE00A9CAD5 /* IngredientTableViewCell.swift */,
			);
			path = "Ingredients Of Recipe Cell";
			sourceTree = "<group>";
		};
		D5993976289809FA00FA9CA5 = {
			isa = PBXGroup;
			children = (
				D5993981289809FA00FA9CA5 /* WhatIsInMyFridgeApp */,
				D5993980289809FA00FA9CA5 /* Products */,
			);
			sourceTree = "<group>";
		};
		D5993980289809FA00FA9CA5 /* Products */ = {
			isa = PBXGroup;
			children = (
				D599397F289809FA00FA9CA5 /* WhatIsInMyFridgeApp.app */,
			);
			name = Products;
			sourceTree = "<group>";
		};
		D5993981289809FA00FA9CA5 /* WhatIsInMyFridgeApp */ = {
			isa = PBXGroup;
			children = (
				D5993982289809FA00FA9CA5 /* AppDelegate.swift */,
				D5993984289809FA00FA9CA5 /* SceneDelegate.swift */,
				D539E6C428A458AD00A9CAD5 /* Services */,
				D539E6C128A4585600A9CAD5 /* Modals */,
				D539E6C328A4588F00A9CAD5 /* Extensions */,
				D539E6C228A4587200A9CAD5 /* What's In My Fridge Tab */,
				D539E6CD28B2C37E00A9CAD5 /* Search By Nutrients Tab */,
				D5993988289809FA00FA9CA5 /* Main.storyboard */,
				D599398B289809FE00FA9CA5 /* Assets.xcassets */,
				D599398D289809FE00FA9CA5 /* LaunchScreen.storyboard */,
				D5993990289809FE00FA9CA5 /* Info.plist */,
			);
			path = WhatIsInMyFridgeApp;
			sourceTree = "<group>";
		};
/* End PBXGroup section */

/* Begin PBXNativeTarget section */
		D599397E289809FA00FA9CA5 /* WhatIsInMyFridgeApp */ = {
			isa = PBXNativeTarget;
			buildConfigurationList = D5993993289809FE00FA9CA5 /* Build configuration list for PBXNativeTarget "WhatIsInMyFridgeApp" */;
			buildPhases = (
				D599397B289809FA00FA9CA5 /* Sources */,
				D599397C289809FA00FA9CA5 /* Frameworks */,
				D599397D289809FA00FA9CA5 /* Resources */,
			);
			buildRules = (
			);
			dependencies = (
			);
			name = WhatIsInMyFridgeApp;
			productName = WhatIsInMyFridgeApp;
			productReference = D599397F289809FA00FA9CA5 /* WhatIsInMyFridgeApp.app */;
			productType = "com.apple.product-type.application";
		};
/* End PBXNativeTarget section */

/* Begin PBXProject section */
		D5993977289809FA00FA9CA5 /* Project object */ = {
			isa = PBXProject;
			attributes = {
				BuildIndependentTargetsInParallel = 1;
				LastSwiftUpdateCheck = 1330;
				LastUpgradeCheck = 1330;
				TargetAttributes = {
					D599397E289809FA00FA9CA5 = {
						CreatedOnToolsVersion = 13.3;
					};
				};
			};
			buildConfigurationList = D599397A289809FA00FA9CA5 /* Build configuration list for PBXProject "WhatIsInMyFridgeApp" */;
			compatibilityVersion = "Xcode 13.0";
			developmentRegion = en;
			hasScannedForEncodings = 0;
			knownRegions = (
				en,
				Base,
			);
			mainGroup = D5993976289809FA00FA9CA5;
			productRefGroup = D5993980289809FA00FA9CA5 /* Products */;
			projectDirPath = "";
			projectRoot = "";
			targets = (
				D599397E289809FA00FA9CA5 /* WhatIsInMyFridgeApp */,
			);
		};
/* End PBXProject section */

/* Begin PBXResourcesBuildPhase section */
		D599397D289809FA00FA9CA5 /* Resources */ = {
			isa = PBXResourcesBuildPhase;
			buildActionMask = 2147483647;
			files = (
				D599398F289809FE00FA9CA5 /* LaunchScreen.storyboard in Resources */,
				D599398C289809FE00FA9CA5 /* Assets.xcassets in Resources */,
				D599398A289809FA00FA9CA5 /* Main.storyboard in Resources */,
			);
			runOnlyForDeploymentPostprocessing = 0;
		};
/* End PBXResourcesBuildPhase section */

/* Begin PBXSourcesBuildPhase section */
		D599397B289809FA00FA9CA5 /* Sources */ = {
			isa = PBXSourcesBuildPhase;
			buildActionMask = 2147483647;
			files = (
				D5039FB428C65E5C007085B0 /* TagsRecipeTableViewCell.swift in Sources */,
				D599399928986C1E00FA9CA5 /* SpoonculaService.swift in Sources */,
				D539E6DE28C639EE00A9CAD5 /* IngredientTableViewCell.swift in Sources */,
				D539E6CF28B2C3B600A9CAD5 /* RecipeByNutrientsTableViewCell.swift in Sources */,
				D539E6DB28C10A9B00A9CAD5 /* IngredientsRecipeTableViewCell.swift in Sources */,
				D59939A428A1768500FA9CA5 /* IngredientsSearchTableViewCell.swift in Sources */,
				D59939A228A1737400FA9CA5 /* IngredientsSearchSheetViewController.swift in Sources */,
				D539E6CC28AAB4AE00A9CAD5 /* RecipesListTableViewCell.swift in Sources */,
				D539E6D328C0FE1100A9CAD5 /* DetailedRecipeTableViewController.swift in Sources */,
				D539E6D128BE677800A9CAD5 /* DetailedRecipeViewController.swift in Sources */,
				D539E6BD28A4481200A9CAD5 /* Extensions.swift in Sources */,
				D539E6C628A458E300A9CAD5 /* WhatsInMyFridgeTabViewController.swift in Sources */,
				D539E6BF28A452AA00A9CAD5 /* ChosenIngredientCollectionViewCell.swift in Sources */,
				D5993983289809FA00FA9CA5 /* AppDelegate.swift in Sources */,
				D5993985289809FA00FA9CA5 /* SceneDelegate.swift in Sources */,
				D539E6CA28AAAFE300A9CAD5 /* RecipesListViewController.swift in Sources */,
				D599399E289881D200FA9CA5 /* Models.swift in Sources */,
			);
			runOnlyForDeploymentPostprocessing = 0;
		};
/* End PBXSourcesBuildPhase section */

/* Begin PBXVariantGroup section */
		D5993988289809FA00FA9CA5 /* Main.storyboard */ = {
			isa = PBXVariantGroup;
			children = (
				D5993989289809FA00FA9CA5 /* Base */,
			);
			name = Main.storyboard;
			sourceTree = "<group>";
		};
		D599398D289809FE00FA9CA5 /* LaunchScreen.storyboard */ = {
			isa = PBXVariantGroup;
			children = (
				D599398E289809FE00FA9CA5 /* Base */,
			);
			name = LaunchScreen.storyboard;
			sourceTree = "<group>";
		};
/* End PBXVariantGroup section */

/* Begin XCBuildConfiguration section */
		D5993991289809FE00FA9CA5 /* Debug */ = {
			isa = XCBuildConfiguration;
			buildSettings = {
				ALWAYS_SEARCH_USER_PATHS = NO;
				CLANG_ANALYZER_NONNULL = YES;
				CLANG_ANALYZER_NUMBER_OBJECT_CONVERSION = YES_AGGRESSIVE;
				CLANG_CXX_LANGUAGE_STANDARD = "gnu++17";
				CLANG_ENABLE_MODULES = YES;
				CLANG_ENABLE_OBJC_ARC = YES;
				CLANG_ENABLE_OBJC_WEAK = YES;
				CLANG_WARN_BLOCK_CAPTURE_AUTORELEASING = YES;
				CLANG_WARN_BOOL_CONVERSION = YES;
				CLANG_WARN_COMMA = YES;
				CLANG_WARN_CONSTANT_CONVERSION = YES;
				CLANG_WARN_DEPRECATED_OBJC_IMPLEMENTATIONS = YES;
				CLANG_WARN_DIRECT_OBJC_ISA_USAGE = YES_ERROR;
				CLANG_WARN_DOCUMENTATION_COMMENTS = YES;
				CLANG_WARN_EMPTY_BODY = YES;
				CLANG_WARN_ENUM_CONVERSION = YES;
				CLANG_WARN_INFINITE_RECURSION = YES;
				CLANG_WARN_INT_CONVERSION = YES;
				CLANG_WARN_NON_LITERAL_NULL_CONVERSION = YES;
				CLANG_WARN_OBJC_IMPLICIT_RETAIN_SELF = YES;
				CLANG_WARN_OBJC_LITERAL_CONVERSION = YES;
				CLANG_WARN_OBJC_ROOT_CLASS = YES_ERROR;
				CLANG_WARN_QUOTED_INCLUDE_IN_FRAMEWORK_HEADER = YES;
				CLANG_WARN_RANGE_LOOP_ANALYSIS = YES;
				CLANG_WARN_STRICT_PROTOTYPES = YES;
				CLANG_WARN_SUSPICIOUS_MOVE = YES;
				CLANG_WARN_UNGUARDED_AVAILABILITY = YES_AGGRESSIVE;
				CLANG_WARN_UNREACHABLE_CODE = YES;
				CLANG_WARN__DUPLICATE_METHOD_MATCH = YES;
				COPY_PHASE_STRIP = NO;
				DEBUG_INFORMATION_FORMAT = dwarf;
				ENABLE_STRICT_OBJC_MSGSEND = YES;
				ENABLE_TESTABILITY = YES;
				GCC_C_LANGUAGE_STANDARD = gnu11;
				GCC_DYNAMIC_NO_PIC = NO;
				GCC_NO_COMMON_BLOCKS = YES;
				GCC_OPTIMIZATION_LEVEL = 0;
				GCC_PREPROCESSOR_DEFINITIONS = (
					"DEBUG=1",
					"$(inherited)",
				);
				GCC_WARN_64_TO_32_BIT_CONVERSION = YES;
				GCC_WARN_ABOUT_RETURN_TYPE = YES_ERROR;
				GCC_WARN_UNDECLARED_SELECTOR = YES;
				GCC_WARN_UNINITIALIZED_AUTOS = YES_AGGRESSIVE;
				GCC_WARN_UNUSED_FUNCTION = YES;
				GCC_WARN_UNUSED_VARIABLE = YES;
				IPHONEOS_DEPLOYMENT_TARGET = 15.4;
				MTL_ENABLE_DEBUG_INFO = INCLUDE_SOURCE;
				MTL_FAST_MATH = YES;
				ONLY_ACTIVE_ARCH = YES;
				SDKROOT = iphoneos;
				SWIFT_ACTIVE_COMPILATION_CONDITIONS = DEBUG;
				SWIFT_OPTIMIZATION_LEVEL = "-Onone";
			};
			name = Debug;
		};
		D5993992289809FE00FA9CA5 /* Release */ = {
			isa = XCBuildConfiguration;
			buildSettings = {
				ALWAYS_SEARCH_USER_PATHS = NO;
				CLANG_ANALYZER_NONNULL = YES;
				CLANG_ANALYZER_NUMBER_OBJECT_CONVERSION = YES_AGGRESSIVE;
				CLANG_CXX_LANGUAGE_STANDARD = "gnu++17";
				CLANG_ENABLE_MODULES = YES;
				CLANG_ENABLE_OBJC_ARC = YES;
				CLANG_ENABLE_OBJC_WEAK = YES;
				CLANG_WARN_BLOCK_CAPTURE_AUTORELEASING = YES;
				CLANG_WARN_BOOL_CONVERSION = YES;
				CLANG_WARN_COMMA = YES;
				CLANG_WARN_CONSTANT_CONVERSION = YES;
				CLANG_WARN_DEPRECATED_OBJC_IMPLEMENTATIONS = YES;
				CLANG_WARN_DIRECT_OBJC_ISA_USAGE = YES_ERROR;
				CLANG_WARN_DOCUMENTATION_COMMENTS = YES;
				CLANG_WARN_EMPTY_BODY = YES;
				CLANG_WARN_ENUM_CONVERSION = YES;
				CLANG_WARN_INFINITE_RECURSION = YES;
				CLANG_WARN_INT_CONVERSION = YES;
				CLANG_WARN_NON_LITERAL_NULL_CONVERSION = YES;
				CLANG_WARN_OBJC_IMPLICIT_RETAIN_SELF = YES;
				CLANG_WARN_OBJC_LITERAL_CONVERSION = YES;
				CLANG_WARN_OBJC_ROOT_CLASS = YES_ERROR;
				CLANG_WARN_QUOTED_INCLUDE_IN_FRAMEWORK_HEADER = YES;
				CLANG_WARN_RANGE_LOOP_ANALYSIS = YES;
				CLANG_WARN_STRICT_PROTOTYPES = YES;
				CLANG_WARN_SUSPICIOUS_MOVE = YES;
				CLANG_WARN_UNGUARDED_AVAILABILITY = YES_AGGRESSIVE;
				CLANG_WARN_UNREACHABLE_CODE = YES;
				CLANG_WARN__DUPLICATE_METHOD_MATCH = YES;
				COPY_PHASE_STRIP = NO;
				DEBUG_INFORMATION_FORMAT = "dwarf-with-dsym";
				ENABLE_NS_ASSERTIONS = NO;
				ENABLE_STRICT_OBJC_MSGSEND = YES;
				GCC_C_LANGUAGE_STANDARD = gnu11;
				GCC_NO_COMMON_BLOCKS = YES;
				GCC_WARN_64_TO_32_BIT_CONVERSION = YES;
				GCC_WARN_ABOUT_RETURN_TYPE = YES_ERROR;
				GCC_WARN_UNDECLARED_SELECTOR = YES;
				GCC_WARN_UNINITIALIZED_AUTOS = YES_AGGRESSIVE;
				GCC_WARN_UNUSED_FUNCTION = YES;
				GCC_WARN_UNUSED_VARIABLE = YES;
				IPHONEOS_DEPLOYMENT_TARGET = 15.4;
				MTL_ENABLE_DEBUG_INFO = NO;
				MTL_FAST_MATH = YES;
				SDKROOT = iphoneos;
				SWIFT_COMPILATION_MODE = wholemodule;
				SWIFT_OPTIMIZATION_LEVEL = "-O";
				VALIDATE_PRODUCT = YES;
			};
			name = Release;
		};
		D5993994289809FE00FA9CA5 /* Debug */ = {
			isa = XCBuildConfiguration;
			buildSettings = {
				ASSETCATALOG_COMPILER_APPICON_NAME = AppIcon;
				ASSETCATALOG_COMPILER_GLOBAL_ACCENT_COLOR_NAME = AccentColor;
				CODE_SIGN_STYLE = Automatic;
				CURRENT_PROJECT_VERSION = 1;
				GENERATE_INFOPLIST_FILE = YES;
				INFOPLIST_FILE = WhatIsInMyFridgeApp/Info.plist;
				INFOPLIST_KEY_UIApplicationSupportsIndirectInputEvents = YES;
				INFOPLIST_KEY_UILaunchStoryboardName = LaunchScreen;
				INFOPLIST_KEY_UIMainStoryboardFile = Main;
				INFOPLIST_KEY_UISupportedInterfaceOrientations_iPad = "UIInterfaceOrientationPortrait UIInterfaceOrientationPortraitUpsideDown UIInterfaceOrientationLandscapeLeft UIInterfaceOrientationLandscapeRight";
				INFOPLIST_KEY_UISupportedInterfaceOrientations_iPhone = "UIInterfaceOrientationPortrait UIInterfaceOrientationLandscapeLeft UIInterfaceOrientationLandscapeRight";
				LD_RUNPATH_SEARCH_PATHS = (
					"$(inherited)",
					"@executable_path/Frameworks",
				);
				MARKETING_VERSION = 1.0;
				PRODUCT_BUNDLE_IDENTIFIER = com.Meitar.WhatIsInMyFridgeApp;
				PRODUCT_NAME = "$(TARGET_NAME)";
				SWIFT_EMIT_LOC_STRINGS = YES;
				SWIFT_VERSION = 5.0;
				TARGETED_DEVICE_FAMILY = "1,2";
			};
			name = Debug;
		};
		D5993995289809FE00FA9CA5 /* Release */ = {
			isa = XCBuildConfiguration;
			buildSettings = {
				ASSETCATALOG_COMPILER_APPICON_NAME = AppIcon;
				ASSETCATALOG_COMPILER_GLOBAL_ACCENT_COLOR_NAME = AccentColor;
				CODE_SIGN_STYLE = Automatic;
				CURRENT_PROJECT_VERSION = 1;
				GENERATE_INFOPLIST_FILE = YES;
				INFOPLIST_FILE = WhatIsInMyFridgeApp/Info.plist;
				INFOPLIST_KEY_UIApplicationSupportsIndirectInputEvents = YES;
				INFOPLIST_KEY_UILaunchStoryboardName = LaunchScreen;
				INFOPLIST_KEY_UIMainStoryboardFile = Main;
				INFOPLIST_KEY_UISupportedInterfaceOrientations_iPad = "UIInterfaceOrientationPortrait UIInterfaceOrientationPortraitUpsideDown UIInterfaceOrientationLandscapeLeft UIInterfaceOrientationLandscapeRight";
				INFOPLIST_KEY_UISupportedInterfaceOrientations_iPhone = "UIInterfaceOrientationPortrait UIInterfaceOrientationLandscapeLeft UIInterfaceOrientationLandscapeRight";
				LD_RUNPATH_SEARCH_PATHS = (
					"$(inherited)",
					"@executable_path/Frameworks",
				);
				MARKETING_VERSION = 1.0;
				PRODUCT_BUNDLE_IDENTIFIER = com.Meitar.WhatIsInMyFridgeApp;
				PRODUCT_NAME = "$(TARGET_NAME)";
				SWIFT_EMIT_LOC_STRINGS = YES;
				SWIFT_VERSION = 5.0;
				TARGETED_DEVICE_FAMILY = "1,2";
			};
			name = Release;
		};
/* End XCBuildConfiguration section */

/* Begin XCConfigurationList section */
		D599397A289809FA00FA9CA5 /* Build configuration list for PBXProject "WhatIsInMyFridgeApp" */ = {
			isa = XCConfigurationList;
			buildConfigurations = (
				D5993991289809FE00FA9CA5 /* Debug */,
				D5993992289809FE00FA9CA5 /* Release */,
			);
			defaultConfigurationIsVisible = 0;
			defaultConfigurationName = Release;
		};
		D5993993289809FE00FA9CA5 /* Build configuration list for PBXNativeTarget "WhatIsInMyFridgeApp" */ = {
			isa = XCConfigurationList;
			buildConfigurations = (
				D5993994289809FE00FA9CA5 /* Debug */,
				D5993995289809FE00FA9CA5 /* Release */,
			);
			defaultConfigurationIsVisible = 0;
			defaultConfigurationName = Release;
		};
/* End XCConfigurationList section */
	};
	rootObject = D5993977289809FA00FA9CA5 /* Project object */;
}
